version = 1
revision = 3
requires-python = ">=3.12"

[[package]]
name = "baml-py"
version = "0.211.0"
source = { registry = "https://pypi.org/simple" }
wheels = [
    { url = "https://files.pythonhosted.org/packages/9e/ee/f010fa3d79a1551e6ed2f26a954710bea4c695cee094610f1d137ca07f91/baml_py-0.211.0-cp38-abi3-macosx_10_12_x86_64.whl", hash = "sha256:57843d63db42dafc88fd17330f24000367ee64529aac23bfcb5e1b5aa1be6c98", size = 20069265, upload-time = "2025-10-07T22:22:33.149Z" },
    { url = "https://files.pythonhosted.org/packages/ef/be/956bc5dbe59757cfd35af5fba21a556e7d88a69ae5571e3f3c02ae07e686/baml_py-0.211.0-cp38-abi3-macosx_11_0_arm64.whl", hash = "sha256:c4f92e40efaeab96efde0343d54a3bd36c9cb94c97702589f92e982e073861eb", size = 18749285, upload-time = "2025-10-07T22:22:36.221Z" },
    { url = "https://files.pythonhosted.org/packages/43/02/8d188901a19dbb3a2a3642aa605a28f22ba5f7e4a3441b8623c19b95f646/baml_py-0.211.0-cp38-abi3-manylinux_2_17_x86_64.manylinux2014_x86_64.whl", hash = "sha256:b47bbc021cd07df84c4e82311f33ef9d8918959678ec6c4db16d5051bf8d6ea6", size = 22649233, upload-time = "2025-10-07T22:22:38.637Z" },
    { url = "https://files.pythonhosted.org/packages/bc/9a/dcf1854a4a844b34c94e0c322a5591117cdea5c9d9eb3ce78a0eafb968f7/baml_py-0.211.0-cp38-abi3-manylinux_2_24_aarch64.whl", hash = "sha256:d871b0994723d99141725526658495c15150b4e8fc5690d23c86cdf3eacb4aa5", size = 21823763, upload-time = "2025-10-07T22:22:40.655Z" },
    { url = "https://files.pythonhosted.org/packages/6f/76/cf14aa6d15e4237887725a1d6759af1b0191fc711b4f01da232410f4bc96/baml_py-0.211.0-cp38-abi3-musllinux_1_1_aarch64.whl", hash = "sha256:5f4c8becede3ab7b37128e4c64d0ab99dbb49981e4789cb80abebb6a1c287236", size = 22060253, upload-time = "2025-10-07T22:22:43.088Z" },
    { url = "https://files.pythonhosted.org/packages/bb/ce/36885555c0d9152cf29a977612b959c99223880f0bb15a0fa391630bda42/baml_py-0.211.0-cp38-abi3-musllinux_1_1_x86_64.whl", hash = "sha256:cd5dfd559dfc47231e7692203e3811dfbd2d058c4f5a869db1685ce09ed37cbd", size = 22787121, upload-time = "2025-10-07T22:22:45.191Z" },
    { url = "https://files.pythonhosted.org/packages/f2/07/2a1fb8e4c60285dfc22ee94594f5cc2d9bdc15b843895bc0a34db9ac4bdc/baml_py-0.211.0-cp38-abi3-win_amd64.whl", hash = "sha256:a62d96fa75f5c160e21a484fbfb5f7e1f418c2b0b76057251661c05384855ac4", size = 19851850, upload-time = "2025-10-07T22:22:47.389Z" },
    { url = "https://files.pythonhosted.org/packages/22/8a/8b366cae3deba930bdf3a6a9ab3edc280a73dfbbc7de48fac9a068ef9798/baml_py-0.211.0-cp38-abi3-win_arm64.whl", hash = "sha256:92d9be4483a1ef13584e213bf582ca36963f092a24c5c4fdf1b8f125657256c0", size = 18031299, upload-time = "2025-10-07T22:22:50.079Z" },
]

[[package]]
name = "litana"
version = "0.1.0"
source = { virtual = "." }
dependencies = [
    { name = "baml-py" },
]

[package.metadata]
requires-dist = [{ name = "baml-py", specifier = "==0.211" }]
